// !$*UTF8*$!
{
	archiveVersion = 1;
	classes = {
	};
	objectVersion = 46;
	objects = {

/* Begin PBXBuildFile section */
		03FDB6BD1BBC0CF300749F5A /* main.c in Sources */ = {isa = PBXBuildFile; fileRef = 03FDB6BC1BBC0CF300749F5A /* main.c */; };
		03FDB6C81BBC182B00749F5A /* BPSK.c in Sources */ = {isa = PBXBuildFile; fileRef = 03FDB6C61BBC182B00749F5A /* BPSK.c */; settings = {ASSET_TAGS = (); }; };
		03FDB6CB1BBC1A0C00749F5A /* Sequence.c in Sources */ = {isa = PBXBuildFile; fileRef = 03FDB6C91BBC1A0C00749F5A /* Sequence.c */; settings = {ASSET_TAGS = (); }; };
/* End PBXBuildFile section */

/* Begin PBXCopyFilesBuildPhase section */
		03FDB6B71BBC0CF300749F5A /* CopyFiles */ = {
			isa = PBXCopyFilesBuildPhase;
			buildActionMask = 2147483647;
			dstPath = /usr/share/man/man1/;
			dstSubfolderSpec = 0;
			files = (
			);
			runOnlyForDeploymentPostprocessing = 1;
		};
/* End PBXCopyFilesBuildPhase section */

/* Begin PBXFileReference section */
		03FDB6B91BBC0CF300749F5A /* BPSK */ = {isa = PBXFileReference; explicitFileType = "compiled.mach-o.executable"; includeInIndex = 0; path = BPSK; sourceTree = BUILT_PRODUCTS_DIR; };
		03FDB6BC1BBC0CF300749F5A /* main.c */ = {isa = PBXFileReference; lastKnownFileType = sourcecode.c.c; path = main.c; sourceTree = "<group>"; };
		03FDB6C61BBC182B00749F5A /* BPSK.c */ = {isa = PBXFileReference; fileEncoding = 4; lastKnownFileType = sourcecode.c.c; path = BPSK.c; sourceTree = "<group>"; };
		03FDB6C71BBC182B00749F5A /* BPSK.h */ = {isa = PBXFileReference; fileEncoding = 4; lastKnownFileType = sourcecode.c.h; path = BPSK.h; sourceTree = "<group>"; };
		03FDB6C91BBC1A0C00749F5A /* Sequence.c */ = {isa = PBXFileReference; fileEncoding = 4; lastKnownFileType = sourcecode.c.c; path = Sequence.c; sourceTree = "<group>"; };
		03FDB6CA1BBC1A0C00749F5A /* Sequence.h */ = {isa = PBXFileReference; fileEncoding = 4; lastKnownFileType = sourcecode.c.h; path = Sequence.h; sourceTree = "<group>"; };
		03FDB6CC1BBC1F6500749F5A /* BERresult.txt */ = {isa = PBXFileReference; fileEncoding = 4; lastKnownFileType = text; path = BERresult.txt; sourceTree = "<group>"; };
/* End PBXFileReference section */

/* Begin PBXFrameworksBuildPhase section */
		03FDB6B61BBC0CF300749F5A /* Frameworks */ = {
			isa = PBXFrameworksBuildPhase;
			buildActionMask = 2147483647;
			files = (
			);
			runOnlyForDeploymentPostprocessing = 0;
		};
/* End PBXFrameworksBuildPhase section */

/* Begin PBXGroup section */
		03FDB6B01BBC0CF300749F5A = {
			isa = PBXGroup;
			children = (
				03FDB6BB1BBC0CF300749F5A /* BPSK */,
				03FDB6BA1BBC0CF300749F5A /* Products */,
			);
			sourceTree = "<group>";
		};
		03FDB6BA1BBC0CF300749F5A /* Products */ = {
			isa = PBXGroup;
			children = (
				03FDB6B91BBC0CF300749F5A /* BPSK */,
			);
			name = Products;
			sourceTree = "<group>";
		};
		03FDB6BB1BBC0CF300749F5A /* BPSK */ = {
			isa = PBXGroup;
			children = (
				03FDB6CC1BBC1F6500749F5A /* BERresult.txt */,
				03FDB6C61BBC182B00749F5A /* BPSK.c */,
				03FDB6C71BBC182B00749F5A /* BPSK.h */,
				03FDB6BC1BBC0CF300749F5A /* main.c */,
				03FDB6C91BBC1A0C00749F5A /* Sequence.c */,
				03FDB6CA1BBC1A0C00749F5A /* Sequence.h */,
			);
			path = BPSK;
			sourceTree = "<group>";
		};
/* End PBXGroup section */

/* Begin PBXNativeTarget section */
		03FDB6B81BBC0CF300749F5A /* BPSK */ = {
			isa = PBXNativeTarget;
			buildConfigurationList = 03FDB6C01BBC0CF300749F5A /* Build configuration list for PBXNativeTarget "BPSK" */;
			buildPhases = (
				03FDB6B51BBC0CF300749F5A /* Sources */,
				03FDB6B61BBC0CF300749F5A /* Frameworks */,
				03FDB6B71BBC0CF300749F5A /* CopyFiles */,
			);
			buildRules = (
			);
			dependencies = (
			);
			name = BPSK;
			productName = BPSK;
			productReference = 03FDB6B91BBC0CF300749F5A /* BPSK */;
			productType = "com.apple.product-type.tool";
		};
/* End PBXNativeTarget section */

/* Begin PBXProject section */
		03FDB6B11BBC0CF300749F5A /* Project object */ = {
			isa = PBXProject;
			attributes = {
				LastUpgradeCheck = 0700;
				ORGANIZATIONNAME = "huasheng gu";
				TargetAttributes = {
					03FDB6B81BBC0CF300749F5A = {
						CreatedOnToolsVersion = 7.0;
					};
				};
			};
			buildConfigurationList = 03FDB6B41BBC0CF300749F5A /* Build configuration list for PBXProject "BPSK" */;
			compatibilityVersion = "Xcode 3.2";
			developmentRegion = English;
			hasScannedForEncodings = 0;
			knownRegions = (
				en,
			);
			mainGroup = 03FDB6B01BBC0CF300749F5A;
			productRefGroup = 03FDB6BA1BBC0CF300749F5A /* Products */;
			projectDirPath = "";
			projectRoot = "";
			targets = (
				03FDB6B81BBC0CF300749F5A /* BPSK */,
			);
		};
/* End PBXProject section */

/* Begin PBXSourcesBuildPhase section */
		03FDB6B51BBC0CF300749F5A /* Sources */ = {
			isa = PBXSourcesBuildPhase;
			buildActionMask = 2147483647;
			files = (
				03FDB6CB1BBC1A0C00749F5A /* Sequence.c in Sources */,
				03FDB6C81BBC182B00749F5A /* BPSK.c in Sources */,
				03FDB6BD1BBC0CF300749F5A /* main.c in Sources */,
			);
			runOnlyForDeploymentPostprocessing = 0;
		};
/* End PBXSourcesBuildPhase section */

/* Begin XCBuildConfiguration section */
		03FDB6BE1BBC0CF300749F5A /* Debug */ = {
			isa = XCBuildConfiguration;
			buildSettings = {
				ALWAYS_SEARCH_USER_PATHS = NO;
				CLANG_CXX_LANGUAGE_STANDARD = "gnu++0x";
				CLANG_CXX_LIBRARY = "libc++";
				CLANG_ENABLE_MODULES = YES;
				CLANG_ENABLE_OBJC_ARC = YES;
				CLANG_WARN_BOOL_CONVERSION = YES;
				CLANG_WARN_CONSTANT_CONVERSION = YES;
				CLANG_WARN_DIRECT_OBJC_ISA_USAGE = YES_ERROR;
				CLANG_WARN_EMPTY_BODY = YES;
				CLANG_WARN_ENUM_CONVERSION = YES;
				CLANG_WARN_INT_CONVERSION = YES;
				CLANG_WARN_OBJC_ROOT_CLASS = YES_ERROR;
				CLANG_WARN_UNREACHABLE_CODE = YES;
				CLANG_WARN__DUPLICATE_METHOD_MATCH = YES;
				COPY_PHASE_STRIP = NO;
				DEBUG_INFORMATION_FORMAT = dwarf;
				ENABLE_STRICT_OBJC_MSGSEND = YES;
				ENABLE_TESTABILITY = YES;
				GCC_C_LANGUAGE_STANDARD = gnu99;
				GCC_DYNAMIC_NO_PIC = NO;
				GCC_NO_COMMON_BLOCKS = YES;
				GCC_OPTIMIZATION_LEVEL = 0;
				GCC_PREPROCESSOR_DEFINITIONS = (
					"DEBUG=1",
					"$(inherited)",
				);
				GCC_WARN_64_TO_32_BIT_CONVERSION = YES;
				GCC_WARN_ABOUT_RETURN_TYPE = YES_ERROR;
				GCC_WARN_UNDECLARED_SELECTOR = YES;
				GCC_WARN_UNINITIALIZED_AUTOS = YES_AGGRESSIVE;
				GCC_WARN_UNUSED_FUNCTION = YES;
				GCC_WARN_UNUSED_VARIABLE = YES;
				MACOSX_DEPLOYMENT_TARGET = 10.10;
				MTL_ENABLE_DEBUG_INFO = YES;
				ONLY_ACTIVE_ARCH = YES;
				SDKROOT = macosx;
			};
			name = Debug;
		};
		03FDB6BF1BBC0CF300749F5A /* Release */ = {
			isa = XCBuildConfiguration;
			buildSettings = {
				ALWAYS_SEARCH_USER_PATHS = NO;
				CLANG_CXX_LANGUAGE_STANDARD = "gnu++0x";
				CLANG_CXX_LIBRARY = "libc++";
				CLANG_ENABLE_MODULES = YES;
				CLANG_ENABLE_OBJC_ARC = YES;
				CLANG_WARN_BOOL_CONVERSION = YES;
				CLANG_WARN_CONSTANT_CONVERSION = YES;
				CLANG_WARN_DIRECT_OBJC_ISA_USAGE = YES_ERROR;
				CLANG_WARN_EMPTY_BODY = YES;
				CLANG_WARN_ENUM_CONVERSION = YES;
				CLANG_WARN_INT_CONVERSION = YES;
				CLANG_WARN_OBJC_ROOT_CLASS = YES_ERROR;
				CLANG_WARN_UNREACHABLE_CODE = YES;
				CLANG_WARN__DUPLICATE_METHOD_MATCH = YES;
				COPY_PHASE_STRIP = NO;
				DEBUG_INFORMATION_FORMAT = "dwarf-with-dsym";
				ENABLE_NS_ASSERTIONS = NO;
				ENABLE_STRICT_OBJC_MSGSEND = YES;
				GCC_C_LANGUAGE_STANDARD = gnu99;
				GCC_NO_COMMON_BLOCKS = YES;
				GCC_WARN_64_TO_32_BIT_CONVERSION = YES;
				GCC_WARN_ABOUT_RETURN_TYPE = YES_ERROR;
				GCC_WARN_UNDECLARED_SELECTOR = YES;
				GCC_WARN_UNINITIALIZED_AUTOS = YES_AGGRESSIVE;
				GCC_WARN_UNUSED_FUNCTION = YES;
				GCC_WARN_UNUSED_VARIABLE = YES;
				MACOSX_DEPLOYMENT_TARGET = 10.10;
				MTL_ENABLE_DEBUG_INFO = NO;
				SDKROOT = macosx;
			};
			name = Release;
		};
		03FDB6C11BBC0CF300749F5A /* Debug */ = {
			isa = XCBuildConfiguration;
			buildSettings = {
				PRODUCT_NAME = "$(TARGET_NAME)";
			};
			name = Debug;
		};
		03FDB6C21BBC0CF300749F5A /* Release */ = {
			isa = XCBuildConfiguration;
			buildSettings = {
				PRODUCT_NAME = "$(TARGET_NAME)";
			};
			name = Release;
		};
/* End XCBuildConfiguration section */

/* Begin XCConfigurationList section */
		03FDB6B41BBC0CF300749F5A /* Build configuration list for PBXProject "BPSK" */ = {
			isa = XCConfigurationList;
			buildConfigurations = (
				03FDB6BE1BBC0CF300749F5A /* Debug */,
				03FDB6BF1BBC0CF300749F5A /* Release */,
			);
			defaultConfigurationIsVisible = 0;
			defaultConfigurationName = Release;
		};
		03FDB6C01BBC0CF300749F5A /* Build configuration list for PBXNativeTarget "BPSK" */ = {
			isa = XCConfigurationList;
			buildConfigurations = (
				03FDB6C11BBC0CF300749F5A /* Debug */,
				03FDB6C21BBC0CF300749F5A /* Release */,
			);
			defaultConfigurationIsVisible = 0;
			defaultConfigurationName = Release;
		};
/* End XCConfigurationList section */
	};
	rootObject = 03FDB6B11BBC0CF300749F5A /* Project object */;
}
